<?xml version="1.0" encoding="utf-8"?>
<Project ToolsVersion="4.0" xmlns="http://schemas.microsoft.com/developer/msbuild/2003">
  <ItemGroup>
    <Filter Include="소스 파일">
      <UniqueIdentifier>{4FC737F1-C7A5-4376-A066-2A32D752A2FF}</UniqueIdentifier>
      <Extensions>cpp;c;cc;cxx;c++;cppm;ixx;def;odl;idl;hpj;bat;asm;asmx</Extensions>
    </Filter>
    <Filter Include="헤더 파일">
      <UniqueIdentifier>{93995380-89BD-4b04-88EB-625FBE52EBFB}</UniqueIdentifier>
      <Extensions>h;hh;hpp;hxx;h++;hm;inl;inc;ipp;xsd</Extensions>
    </Filter>
    <Filter Include="리소스 파일">
      <UniqueIdentifier>{67DA6AB6-F800-4c08-8B7A-83BB121AAD01}</UniqueIdentifier>
      <Extensions>rc;ico;cur;bmp;dlg;rc2;rct;bin;rgs;gif;jpg;jpeg;jpe;resx;tiff;tif;png;wav;mfcribbon-ms</Extensions>
    </Filter>
    <Filter Include="Class Headers">
      <UniqueIdentifier>{1378dda6-e74f-41ce-83eb-60f4e29661d3}</UniqueIdentifier>
    </Filter>
    <Filter Include="Class Cpp">
      <UniqueIdentifier>{51f159c9-f0b8-449b-9527-daa36a0a7913}</UniqueIdentifier>
    </Filter>
  </ItemGroup>
  <ItemGroup>
    <ClInclude Include="(2023.6.12)입출력.h">
      <Filter>헤더 파일</Filter>
    </ClInclude>
    <ClInclude Include="(2023.6.13)이름공간.h">
      <Filter>헤더 파일</Filter>
    </ClInclude>
    <ClInclude Include="(2023.6.14)클래스.h">
      <Filter>헤더 파일</Filter>
    </ClInclude>
    <ClInclude Include="(2023.6.15)생성자와소멸자.h">
      <Filter>헤더 파일</Filter>
    </ClInclude>
    <ClInclude Include="%282023.6.16%29깊은복사와얕은복사.h">
      <Filter>헤더 파일</Filter>
    </ClInclude>
    <ClInclude Include="(2023.6.19)상속.h">
      <Filter>헤더 파일</Filter>
    </ClInclude>
    <ClInclude Include="Computer.h">
      <Filter>Class Headers</Filter>
    </ClInclude>
    <ClInclude Include="DataFile.h">
      <Filter>Class Headers</Filter>
    </ClInclude>
    <ClInclude Include="Device.h">
      <Filter>Class Headers</Filter>
    </ClInclude>
    <ClInclude Include="Keyboard.h">
      <Filter>Class Headers</Filter>
    </ClInclude>
    <ClInclude Include="iPhone.h">
      <Filter>Class Headers</Filter>
    </ClInclude>
    <ClInclude Include="Mouse.h">
      <Filter>Class Headers</Filter>
    </ClInclude>
    <ClInclude Include="Weapon.h">
      <Filter>Class Headers</Filter>
    </ClInclude>
    <ClInclude Include="%282023.6.20%29다중상속.h">
      <Filter>헤더 파일</Filter>
    </ClInclude>
    <ClInclude Include="Vector3.h">
      <Filter>Class Headers</Filter>
    </ClInclude>
    <ClInclude Include="(2023.6.21)오버로딩.h">
      <Filter>헤더 파일</Filter>
    </ClInclude>
    <ClInclude Include="Sword.h">
      <Filter>Class Headers</Filter>
    </ClInclude>
    <ClInclude Include="%282023.6.22%29가상함수.h">
      <Filter>헤더 파일</Filter>
    </ClInclude>
    <ClInclude Include="Unit.h">
      <Filter>Class Headers</Filter>
    </ClInclude>
    <ClInclude Include="Marine.h">
      <Filter>Class Headers</Filter>
    </ClInclude>
  </ItemGroup>
  <ItemGroup>
    <ClCompile Include="Source.cpp">
      <Filter>소스 파일</Filter>
    </ClCompile>
    <ClCompile Include="Weapon.cpp">
      <Filter>Class Cpp</Filter>
    </ClCompile>
    <ClCompile Include="Mouse.cpp">
      <Filter>Class Cpp</Filter>
    </ClCompile>
    <ClCompile Include="Keyboard.cpp">
      <Filter>Class Cpp</Filter>
    </ClCompile>
    <ClCompile Include="iPhone.cpp">
      <Filter>Class Cpp</Filter>
    </ClCompile>
    <ClCompile Include="Device.cpp">
      <Filter>Class Cpp</Filter>
    </ClCompile>
    <ClCompile Include="Computer.cpp">
      <Filter>Class Cpp</Filter>
    </ClCompile>
    <ClCompile Include="Vector3.cpp">
      <Filter>Class Cpp</Filter>
    </ClCompile>
    <ClCompile Include="Sword.cpp">
      <Filter>Class Cpp</Filter>
    </ClCompile>
    <ClCompile Include="Unit.cpp">
      <Filter>Class Cpp</Filter>
    </ClCompile>
    <ClCompile Include="Marine.cpp">
      <Filter>Class Cpp</Filter>
    </ClCompile>
  </ItemGroup>
</Project>